
Microsoft Visual Studio Solution File, Format Version 12.00
# Visual Studio 15
Project("{FAE04EC0-301F-11D3-BF4B-00C04F79EFBC}") = "Playground.Droid", "Droid\Playground.Droid.csproj", "{47998333-952F-4329-B92D-E61509189E1B}"
EndProject
Project("{FAE04EC0-301F-11D3-BF4B-00C04F79EFBC}") = "Playground.iOS", "iOS\Playground.iOS.csproj", "{8E9C74DB-3A84-4445-B1F7-77365E0C0425}"
EndProject
Project("{FAE04EC0-301F-11D3-BF4B-00C04F79EFBC}") = "Playground.Core", "Playground.Core\Playground.Core.csproj", "{2449FFD9-AFC4-46BA-8EF0-FA32B95015F3}"
EndProject
Global
	GlobalSection(SolutionConfigurationPlatforms) = preSolution
		Debug|Any CPU = Debug|Any CPU
		Release|Any CPU = Release|Any CPU
		Debug|iPhoneSimulator = Debug|iPhoneSimulator
		Release|iPhone = Release|iPhone
		Release|iPhoneSimulator = Release|iPhoneSimulator
		Debug|iPhone = Debug|iPhone
	EndGlobalSection
	GlobalSection(ProjectConfigurationPlatforms) = postSolution
		{47998333-952F-4329-B92D-E61509189E1B}.Debug|Any CPU.ActiveCfg = Debug|Any CPU
		{47998333-952F-4329-B92D-E61509189E1B}.Debug|Any CPU.Build.0 = Debug|Any CPU
		{47998333-952F-4329-B92D-E61509189E1B}.Release|Any CPU.ActiveCfg = Release|Any CPU
		{47998333-952F-4329-B92D-E61509189E1B}.Release|Any CPU.Build.0 = Release|Any CPU
		{47998333-952F-4329-B92D-E61509189E1B}.Debug|iPhoneSimulator.ActiveCfg = Debug|Any CPU
		{47998333-952F-4329-B92D-E61509189E1B}.Release|iPhone.ActiveCfg = Release|Any CPU
		{47998333-952F-4329-B92D-E61509189E1B}.Release|iPhoneSimulator.ActiveCfg = Release|Any CPU
		{47998333-952F-4329-B92D-E61509189E1B}.Debug|iPhone.ActiveCfg = Debug|Any CPU
		{8E9C74DB-3A84-4445-B1F7-77365E0C0425}.Debug|Any CPU.ActiveCfg = Debug|iPhoneSimulator
		{8E9C74DB-3A84-4445-B1F7-77365E0C0425}.Release|Any CPU.ActiveCfg = Release|iPhone
		{8E9C74DB-3A84-4445-B1F7-77365E0C0425}.Debug|iPhoneSimulator.ActiveCfg = Debug|iPhoneSimulator
		{8E9C74DB-3A84-4445-B1F7-77365E0C0425}.Debug|iPhoneSimulator.Build.0 = Debug|iPhoneSimulator
		{8E9C74DB-3A84-4445-B1F7-77365E0C0425}.Release|iPhone.ActiveCfg = Release|iPhone
		{8E9C74DB-3A84-4445-B1F7-77365E0C0425}.Release|iPhone.Build.0 = Release|iPhone
		{8E9C74DB-3A84-4445-B1F7-77365E0C0425}.Release|iPhoneSimulator.ActiveCfg = Release|iPhoneSimulator
		{8E9C74DB-3A84-4445-B1F7-77365E0C0425}.Release|iPhoneSimulator.Build.0 = Release|iPhoneSimulator
		{8E9C74DB-3A84-4445-B1F7-77365E0C0425}.Debug|iPhone.ActiveCfg = Debug|iPhone
		{8E9C74DB-3A84-4445-B1F7-77365E0C0425}.Debug|iPhone.Build.0 = Debug|iPhone
		{2449FFD9-AFC4-46BA-8EF0-FA32B95015F3}.Debug|Any CPU.ActiveCfg = Debug|Any CPU
		{2449FFD9-AFC4-46BA-8EF0-FA32B95015F3}.Debug|Any CPU.Build.0 = Debug|Any CPU
		{2449FFD9-AFC4-46BA-8EF0-FA32B95015F3}.Release|Any CPU.ActiveCfg = Release|Any CPU
		{2449FFD9-AFC4-46BA-8EF0-FA32B95015F3}.Release|Any CPU.Build.0 = Release|Any CPU
		{2449FFD9-AFC4-46BA-8EF0-FA32B95015F3}.Debug|iPhoneSimulator.ActiveCfg = Debug|Any CPU
		{2449FFD9-AFC4-46BA-8EF0-FA32B95015F3}.Debug|iPhoneSimulator.Build.0 = Debug|Any CPU
		{2449FFD9-AFC4-46BA-8EF0-FA32B95015F3}.Release|iPhone.ActiveCfg = Release|Any CPU
		{2449FFD9-AFC4-46BA-8EF0-FA32B95015F3}.Release|iPhone.Build.0 = Release|Any CPU
		{2449FFD9-AFC4-46BA-8EF0-FA32B95015F3}.Release|iPhoneSimulator.ActiveCfg = Release|Any CPU
		{2449FFD9-AFC4-46BA-8EF0-FA32B95015F3}.Release|iPhoneSimulator.Build.0 = Release|Any CPU
		{2449FFD9-AFC4-46BA-8EF0-FA32B95015F3}.Debug|iPhone.ActiveCfg = Debug|Any CPU
		{2449FFD9-AFC4-46BA-8EF0-FA32B95015F3}.Debug|iPhone.Build.0 = Debug|Any CPU
	EndGlobalSection
EndGlobal
